
Microsoft Visual Studio Solution File, Format Version 12.00
# Visual Studio Version 17
VisualStudioVersion = 17.1.32319.34
MinimumVisualStudioVersion = 10.0.40219.1
Project("{FAE04EC0-301F-11D3-BF4B-00C04F79EFBC}") = "WpfApp7", "WpfApp7\WpfApp7.csproj", "{87CF4E57-9E08-49F5-8F45-537EC0A6677B}"
EndProject
Global
	GlobalSection(SolutionConfigurationPlatforms) = preSolution
		Debug|Any CPU = Debug|Any CPU
		Release|Any CPU = Release|Any CPU
	EndGlobalSection
	GlobalSection(ProjectConfigurationPlatforms) = postSolution
		{87CF4E57-9E08-49F5-8F45-537EC0A6677B}.Debug|Any CPU.ActiveCfg = Debug|Any CPU
		{87CF4E57-9E08-49F5-8F45-537EC0A6677B}.Debug|Any CPU.Build.0 = Debug|Any CPU
		{87CF4E57-9E08-49F5-8F45-537EC0A6677B}.Release|Any CPU.ActiveCfg = Release|Any CPU
		{87CF4E57-9E08-49F5-8F45-537EC0A6677B}.Release|Any CPU.Build.0 = Release|Any CPU
	EndGlobalSection
	GlobalSection(SolutionProperties) = preSolution
		HideSolutionNode = FALSE
	EndGlobalSection
	GlobalSection(ExtensibilityGlobals) = postSolution
		SolutionGuid = {E49B8DBF-35F8-4954-8218-619E326BC7FB}
	EndGlobalSection
EndGlobal
